// !$*UTF8*$!
{
	archiveVersion = 1;
	classes = {
	};
	objectVersion = 56;
	objects = {

/* Begin PBXBuildFile section */
		4B328536290D48A500F28296 /* cumiApp.swift in Sources */ = {isa = PBXBuildFile; fileRef = 4B328535290D48A500F28296 /* cumiApp.swift */; };
		4B328538290D48A500F28296 /* ContentView.swift in Sources */ = {isa = PBXBuildFile; fileRef = 4B328537290D48A500F28296 /* ContentView.swift */; };
		4B32853A290D48A700F28296 /* Assets.xcassets in Resources */ = {isa = PBXBuildFile; fileRef = 4B328539290D48A700F28296 /* Assets.xcassets */; };
		4B32853E290D48A700F28296 /* Preview Assets.xcassets in Resources */ = {isa = PBXBuildFile; fileRef = 4B32853D290D48A700F28296 /* Preview Assets.xcassets */; };
		4B328548290D48A700F28296 /* cumiTests.swift in Sources */ = {isa = PBXBuildFile; fileRef = 4B328547290D48A700F28296 /* cumiTests.swift */; };
		4B328552290D48A700F28296 /* cumiUITests.swift in Sources */ = {isa = PBXBuildFile; fileRef = 4B328551290D48A700F28296 /* cumiUITests.swift */; };
		4B328554290D48A700F28296 /* cumiUITestsLaunchTests.swift in Sources */ = {isa = PBXBuildFile; fileRef = 4B328553290D48A700F28296 /* cumiUITestsLaunchTests.swift */; };
		4B328562290D49A200F28296 /* calculatorModel.swift in Sources */ = {isa = PBXBuildFile; fileRef = 4B328561290D49A200F28296 /* calculatorModel.swift */; };
		4B328565290FC80300F28296 /* KeyView.swift in Sources */ = {isa = PBXBuildFile; fileRef = 4B328564290FC80300F28296 /* KeyView.swift */; };
/* End PBXBuildFile section */

/* Begin PBXContainerItemProxy section */
		4B328544290D48A700F28296 /* PBXContainerItemProxy */ = {
			isa = PBXContainerItemProxy;
			containerPortal = 4B32852A290D48A500F28296 /* Project object */;
			proxyType = 1;
			remoteGlobalIDString = 4B328531290D48A500F28296;
			remoteInfo = cumi;
		};
		4B32854E290D48A700F28296 /* PBXContainerItemProxy */ = {
			isa = PBXContainerItemProxy;
			containerPortal = 4B32852A290D48A500F28296 /* Project object */;
			proxyType = 1;
			remoteGlobalIDString = 4B328531290D48A500F28296;
			remoteInfo = cumi;
		};
/* End PBXContainerItemProxy section */

/* Begin PBXFileReference section */
		4B328532290D48A500F28296 /* cumi.app */ = {isa = PBXFileReference; explicitFileType = wrapper.application; includeInIndex = 0; path = cumi.app; sourceTree = BUILT_PRODUCTS_DIR; };
		4B328535290D48A500F28296 /* cumiApp.swift */ = {isa = PBXFileReference; lastKnownFileType = sourcecode.swift; path = cumiApp.swift; sourceTree = "<group>"; };
		4B328537290D48A500F28296 /* ContentView.swift */ = {isa = PBXFileReference; lastKnownFileType = sourcecode.swift; path = ContentView.swift; sourceTree = "<group>"; };
		4B328539290D48A700F28296 /* Assets.xcassets */ = {isa = PBXFileReference; lastKnownFileType = folder.assetcatalog; path = Assets.xcassets; sourceTree = "<group>"; };
		4B32853B290D48A700F28296 /* cumi.entitlements */ = {isa = PBXFileReference; lastKnownFileType = text.plist.entitlements; path = cumi.entitlements; sourceTree = "<group>"; };
		4B32853D290D48A700F28296 /* Preview Assets.xcassets */ = {isa = PBXFileReference; lastKnownFileType = folder.assetcatalog; path = "Preview Assets.xcassets"; sourceTree = "<group>"; };
		4B328543290D48A700F28296 /* cumiTests.xctest */ = {isa = PBXFileReference; explicitFileType = wrapper.cfbundle; includeInIndex = 0; path = cumiTests.xctest; sourceTree = BUILT_PRODUCTS_DIR; };
		4B328547290D48A700F28296 /* cumiTests.swift */ = {isa = PBXFileReference; lastKnownFileType = sourcecode.swift; path = cumiTests.swift; sourceTree = "<group>"; };
		4B32854D290D48A700F28296 /* cumiUITests.xctest */ = {isa = PBXFileReference; explicitFileType = wrapper.cfbundle; includeInIndex = 0; path = cumiUITests.xctest; sourceTree = BUILT_PRODUCTS_DIR; };
		4B328551290D48A700F28296 /* cumiUITests.swift */ = {isa = PBXFileReference; lastKnownFileType = sourcecode.swift; path = cumiUITests.swift; sourceTree = "<group>"; };
		4B328553290D48A700F28296 /* cumiUITestsLaunchTests.swift */ = {isa = PBXFileReference; lastKnownFileType = sourcecode.swift; path = cumiUITestsLaunchTests.swift; sourceTree = "<group>"; };
		4B328561290D49A200F28296 /* calculatorModel.swift */ = {isa = PBXFileReference; lastKnownFileType = sourcecode.swift; path = calculatorModel.swift; sourceTree = "<group>"; };
		4B328564290FC80300F28296 /* KeyView.swift */ = {isa = PBXFileReference; lastKnownFileType = sourcecode.swift; path = KeyView.swift; sourceTree = "<group>"; };
/* End PBXFileReference section */

/* Begin PBXFrameworksBuildPhase section */
		4B32852F290D48A500F28296 /* Frameworks */ = {
			isa = PBXFrameworksBuildPhase;
			buildActionMask = 2147483647;
			files = (
			);
			runOnlyForDeploymentPostprocessing = 0;
		};
		4B328540290D48A700F28296 /* Frameworks */ = {
			isa = PBXFrameworksBuildPhase;
			buildActionMask = 2147483647;
			files = (
			);
			runOnlyForDeploymentPostprocessing = 0;
		};
		4B32854A290D48A700F28296 /* Frameworks */ = {
			isa = PBXFrameworksBuildPhase;
			buildActionMask = 2147483647;
			files = (
			);
			runOnlyForDeploymentPostprocessing = 0;
		};
/* End PBXFrameworksBuildPhase section */

/* Begin PBXGroup section */
		4B328529290D48A500F28296 = {
			isa = PBXGroup;
			children = (
				4B328534290D48A500F28296 /* cumi */,
				4B328546290D48A700F28296 /* cumiTests */,
				4B328550290D48A700F28296 /* cumiUITests */,
				4B328533290D48A500F28296 /* Products */,
			);
			sourceTree = "<group>";
		};
		4B328533290D48A500F28296 /* Products */ = {
			isa = PBXGroup;
			children = (
				4B328532290D48A500F28296 /* cumi.app */,
				4B328543290D48A700F28296 /* cumiTests.xctest */,
				4B32854D290D48A700F28296 /* cumiUITests.xctest */,
			);
			name = Products;
			sourceTree = "<group>";
		};
		4B328534290D48A500F28296 /* cumi */ = {
			isa = PBXGroup;
			children = (
				4B328563290FC7A900F28296 /* View */,
				4B328560290D499100F28296 /* Model */,
				4B328535290D48A500F28296 /* cumiApp.swift */,
				4B328539290D48A700F28296 /* Assets.xcassets */,
				4B32853B290D48A700F28296 /* cumi.entitlements */,
				4B32853C290D48A700F28296 /* Preview Content */,
			);
			path = cumi;
			sourceTree = "<group>";
		};
		4B32853C290D48A700F28296 /* Preview Content */ = {
			isa = PBXGroup;
			children = (
				4B32853D290D48A700F28296 /* Preview Assets.xcassets */,
			);
			path = "Preview Content";
			sourceTree = "<group>";
		};
		4B328546290D48A700F28296 /* cumiTests */ = {
			isa = PBXGroup;
			children = (
				4B328547290D48A700F28296 /* cumiTests.swift */,
			);
			path = cumiTests;
			sourceTree = "<group>";
		};
		4B328550290D48A700F28296 /* cumiUITests */ = {
			isa = PBXGroup;
			children = (
				4B328551290D48A700F28296 /* cumiUITests.swift */,
				4B328553290D48A700F28296 /* cumiUITestsLaunchTests.swift */,
			);
			path = cumiUITests;
			sourceTree = "<group>";
		};
		4B328560290D499100F28296 /* Model */ = {
			isa = PBXGroup;
			children = (
				4B328561290D49A200F28296 /* calculatorModel.swift */,
			);
			path = Model;
			sourceTree = "<group>";
		};
		4B328563290FC7A900F28296 /* View */ = {
			isa = PBXGroup;
			children = (
				4B328537290D48A500F28296 /* ContentView.swift */,
				4B328564290FC80300F28296 /* KeyView.swift */,
			);
			path = View;
			sourceTree = "<group>";
		};
/* End PBXGroup section */

/* Begin PBXNativeTarget section */
		4B328531290D48A500F28296 /* cumi */ = {
			isa = PBXNativeTarget;
			buildConfigurationList = 4B328557290D48A700F28296 /* Build configuration list for PBXNativeTarget "cumi" */;
			buildPhases = (
				4B32852E290D48A500F28296 /* Sources */,
				4B32852F290D48A500F28296 /* Frameworks */,
				4B328530290D48A500F28296 /* Resources */,
			);
			buildRules = (
			);
			dependencies = (
			);
			name = cumi;
			productName = cumi;
			productReference = 4B328532290D48A500F28296 /* cumi.app */;
			productType = "com.apple.product-type.application";
		};
		4B328542290D48A700F28296 /* cumiTests */ = {
			isa = PBXNativeTarget;
			buildConfigurationList = 4B32855A290D48A700F28296 /* Build configuration list for PBXNativeTarget "cumiTests" */;
			buildPhases = (
				4B32853F290D48A700F28296 /* Sources */,
				4B328540290D48A700F28296 /* Frameworks */,
				4B328541290D48A700F28296 /* Resources */,
			);
			buildRules = (
			);
			dependencies = (
				4B328545290D48A700F28296 /* PBXTargetDependency */,
			);
			name = cumiTests;
			productName = cumiTests;
			productReference = 4B328543290D48A700F28296 /* cumiTests.xctest */;
			productType = "com.apple.product-type.bundle.unit-test";
		};
		4B32854C290D48A700F28296 /* cumiUITests */ = {
			isa = PBXNativeTarget;
			buildConfigurationList = 4B32855D290D48A700F28296 /* Build configuration list for PBXNativeTarget "cumiUITests" */;
			buildPhases = (
				4B328549290D48A700F28296 /* Sources */,
				4B32854A290D48A700F28296 /* Frameworks */,
				4B32854B290D48A700F28296 /* Resources */,
			);
			buildRules = (
			);
			dependencies = (
				4B32854F290D48A700F28296 /* PBXTargetDependency */,
			);
			name = cumiUITests;
			productName = cumiUITests;
			productReference = 4B32854D290D48A700F28296 /* cumiUITests.xctest */;
			productType = "com.apple.product-type.bundle.ui-testing";
		};
/* End PBXNativeTarget section */

/* Begin PBXProject section */
		4B32852A290D48A500F28296 /* Project object */ = {
			isa = PBXProject;
			attributes = {
				BuildIndependentTargetsInParallel = 1;
				LastSwiftUpdateCheck = 1400;
				LastUpgradeCheck = 1400;
				TargetAttributes = {
					4B328531290D48A500F28296 = {
						CreatedOnToolsVersion = 14.0.1;
					};
					4B328542290D48A700F28296 = {
						CreatedOnToolsVersion = 14.0.1;
						TestTargetID = 4B328531290D48A500F28296;
					};
					4B32854C290D48A700F28296 = {
						CreatedOnToolsVersion = 14.0.1;
						TestTargetID = 4B328531290D48A500F28296;
					};
				};
			};
			buildConfigurationList = 4B32852D290D48A500F28296 /* Build configuration list for PBXProject "cumi" */;
			compatibilityVersion = "Xcode 14.0";
			developmentRegion = en;
			hasScannedForEncodings = 0;
			knownRegions = (
				en,
				Base,
			);
			mainGroup = 4B328529290D48A500F28296;
			productRefGroup = 4B328533290D48A500F28296 /* Products */;
			projectDirPath = "";
			projectRoot = "";
			targets = (
				4B328531290D48A500F28296 /* cumi */,
				4B328542290D48A700F28296 /* cumiTests */,
				4B32854C290D48A700F28296 /* cumiUITests */,
			);
		};
/* End PBXProject section */

/* Begin PBXResourcesBuildPhase section */
		4B328530290D48A500F28296 /* Resources */ = {
			isa = PBXResourcesBuildPhase;
			buildActionMask = 2147483647;
			files = (
				4B32853E290D48A700F28296 /* Preview Assets.xcassets in Resources */,
				4B32853A290D48A700F28296 /* Assets.xcassets in Resources */,
			);
			runOnlyForDeploymentPostprocessing = 0;
		};
		4B328541290D48A700F28296 /* Resources */ = {
			isa = PBXResourcesBuildPhase;
			buildActionMask = 2147483647;
			files = (
			);
			runOnlyForDeploymentPostprocessing = 0;
		};
		4B32854B290D48A700F28296 /* Resources */ = {
			isa = PBXResourcesBuildPhase;
			buildActionMask = 2147483647;
			files = (
			);
			runOnlyForDeploymentPostprocessing = 0;
		};
/* End PBXResourcesBuildPhase section */

/* Begin PBXSourcesBuildPhase section */
		4B32852E290D48A500F28296 /* Sources */ = {
			isa = PBXSourcesBuildPhase;
			buildActionMask = 2147483647;
			files = (
				4B328565290FC80300F28296 /* KeyView.swift in Sources */,
				4B328562290D49A200F28296 /* calculatorModel.swift in Sources */,
				4B328538290D48A500F28296 /* ContentView.swift in Sources */,
				4B328536290D48A500F28296 /* cumiApp.swift in Sources */,
			);
			runOnlyForDeploymentPostprocessing = 0;
		};
		4B32853F290D48A700F28296 /* Sources */ = {
			isa = PBXSourcesBuildPhase;
			buildActionMask = 2147483647;
			files = (
				4B328548290D48A700F28296 /* cumiTests.swift in Sources */,
			);
			runOnlyForDeploymentPostprocessing = 0;
		};
		4B328549290D48A700F28296 /* Sources */ = {
			isa = PBXSourcesBuildPhase;
			buildActionMask = 2147483647;
			files = (
				4B328554290D48A700F28296 /* cumiUITestsLaunchTests.swift in Sources */,
				4B328552290D48A700F28296 /* cumiUITests.swift in Sources */,
			);
			runOnlyForDeploymentPostprocessing = 0;
		};
/* End PBXSourcesBuildPhase section */

/* Begin PBXTargetDependency section */
		4B328545290D48A700F28296 /* PBXTargetDependency */ = {
			isa = PBXTargetDependency;
			target = 4B328531290D48A500F28296 /* cumi */;
			targetProxy = 4B328544290D48A700F28296 /* PBXContainerItemProxy */;
		};
		4B32854F290D48A700F28296 /* PBXTargetDependency */ = {
			isa = PBXTargetDependency;
			target = 4B328531290D48A500F28296 /* cumi */;
			targetProxy = 4B32854E290D48A700F28296 /* PBXContainerItemProxy */;
		};
/* End PBXTargetDependency section */

/* Begin XCBuildConfiguration section */
		4B328555290D48A700F28296 /* Debug */ = {
			isa = XCBuildConfiguration;
			buildSettings = {
				ALWAYS_SEARCH_USER_PATHS = NO;
				CLANG_ANALYZER_NONNULL = YES;
				CLANG_ANALYZER_NUMBER_OBJECT_CONVERSION = YES_AGGRESSIVE;
				CLANG_CXX_LANGUAGE_STANDARD = "gnu++20";
				CLANG_ENABLE_MODULES = YES;
				CLANG_ENABLE_OBJC_ARC = YES;
				CLANG_ENABLE_OBJC_WEAK = YES;
				CLANG_WARN_BLOCK_CAPTURE_AUTORELEASING = YES;
				CLANG_WARN_BOOL_CONVERSION = YES;
				CLANG_WARN_COMMA = YES;
				CLANG_WARN_CONSTANT_CONVERSION = YES;
				CLANG_WARN_DEPRECATED_OBJC_IMPLEMENTATIONS = YES;
				CLANG_WARN_DIRECT_OBJC_ISA_USAGE = YES_ERROR;
				CLANG_WARN_DOCUMENTATION_COMMENTS = YES;
				CLANG_WARN_EMPTY_BODY = YES;
				CLANG_WARN_ENUM_CONVERSION = YES;
				CLANG_WARN_INFINITE_RECURSION = YES;
				CLANG_WARN_INT_CONVERSION = YES;
				CLANG_WARN_NON_LITERAL_NULL_CONVERSION = YES;
				CLANG_WARN_OBJC_IMPLICIT_RETAIN_SELF = YES;
				CLANG_WARN_OBJC_LITERAL_CONVERSION = YES;
				CLANG_WARN_OBJC_ROOT_CLASS = YES_ERROR;
				CLANG_WARN_QUOTED_INCLUDE_IN_FRAMEWORK_HEADER = YES;
				CLANG_WARN_RANGE_LOOP_ANALYSIS = YES;
				CLANG_WARN_STRICT_PROTOTYPES = YES;
				CLANG_WARN_SUSPICIOUS_MOVE = YES;
				CLANG_WARN_UNGUARDED_AVAILABILITY = YES_AGGRESSIVE;
				CLANG_WARN_UNREACHABLE_CODE = YES;
				CLANG_WARN__DUPLICATE_METHOD_MATCH = YES;
				COPY_PHASE_STRIP = NO;
				DEBUG_INFORMATION_FORMAT = dwarf;
				ENABLE_STRICT_OBJC_MSGSEND = YES;
				ENABLE_TESTABILITY = YES;
				GCC_C_LANGUAGE_STANDARD = gnu11;
				GCC_DYNAMIC_NO_PIC = NO;
				GCC_NO_COMMON_BLOCKS = YES;
				GCC_OPTIMIZATION_LEVEL = 0;
				GCC_PREPROCESSOR_DEFINITIONS = (
					"DEBUG=1",
					"$(inherited)",
				);
				GCC_WARN_64_TO_32_BIT_CONVERSION = YES;
				GCC_WARN_ABOUT_RETURN_TYPE = YES_ERROR;
				GCC_WARN_UNDECLARED_SELECTOR = YES;
				GCC_WARN_UNINITIALIZED_AUTOS = YES_AGGRESSIVE;
				GCC_WARN_UNUSED_FUNCTION = YES;
				GCC_WARN_UNUSED_VARIABLE = YES;
				MTL_ENABLE_DEBUG_INFO = INCLUDE_SOURCE;
				MTL_FAST_MATH = YES;
				ONLY_ACTIVE_ARCH = YES;
				SWIFT_ACTIVE_COMPILATION_CONDITIONS = DEBUG;
				SWIFT_OPTIMIZATION_LEVEL = "-Onone";
			};
			name = Debug;
		};
		4B328556290D48A700F28296 /* Release */ = {
			isa = XCBuildConfiguration;
			buildSettings = {
				ALWAYS_SEARCH_USER_PATHS = NO;
				CLANG_ANALYZER_NONNULL = YES;
				CLANG_ANALYZER_NUMBER_OBJECT_CONVERSION = YES_AGGRESSIVE;
				CLANG_CXX_LANGUAGE_STANDARD = "gnu++20";
				CLANG_ENABLE_MODULES = YES;
				CLANG_ENABLE_OBJC_ARC = YES;
				CLANG_ENABLE_OBJC_WEAK = YES;
				CLANG_WARN_BLOCK_CAPTURE_AUTORELEASING = YES;
				CLANG_WARN_BOOL_CONVERSION = YES;
				CLANG_WARN_COMMA = YES;
				CLANG_WARN_CONSTANT_CONVERSION = YES;
				CLANG_WARN_DEPRECATED_OBJC_IMPLEMENTATIONS = YES;
				CLANG_WARN_DIRECT_OBJC_ISA_USAGE = YES_ERROR;
				CLANG_WARN_DOCUMENTATION_COMMENTS = YES;
				CLANG_WARN_EMPTY_BODY = YES;
				CLANG_WARN_ENUM_CONVERSION = YES;
				CLANG_WARN_INFINITE_RECURSION = YES;
				CLANG_WARN_INT_CONVERSION = YES;
				CLANG_WARN_NON_LITERAL_NULL_CONVERSION = YES;
				CLANG_WARN_OBJC_IMPLICIT_RETAIN_SELF = YES;
				CLANG_WARN_OBJC_LITERAL_CONVERSION = YES;
				CLANG_WARN_OBJC_ROOT_CLASS = YES_ERROR;
				CLANG_WARN_QUOTED_INCLUDE_IN_FRAMEWORK_HEADER = YES;
				CLANG_WARN_RANGE_LOOP_ANALYSIS = YES;
				CLANG_WARN_STRICT_PROTOTYPES = YES;
				CLANG_WARN_SUSPICIOUS_MOVE = YES;
				CLANG_WARN_UNGUARDED_AVAILABILITY = YES_AGGRESSIVE;
				CLANG_WARN_UNREACHABLE_CODE = YES;
				CLANG_WARN__DUPLICATE_METHOD_MATCH = YES;
				COPY_PHASE_STRIP = NO;
				DEBUG_INFORMATION_FORMAT = "dwarf-with-dsym";
				ENABLE_NS_ASSERTIONS = NO;
				ENABLE_STRICT_OBJC_MSGSEND = YES;
				GCC_C_LANGUAGE_STANDARD = gnu11;
				GCC_NO_COMMON_BLOCKS = YES;
				GCC_WARN_64_TO_32_BIT_CONVERSION = YES;
				GCC_WARN_ABOUT_RETURN_TYPE = YES_ERROR;
				GCC_WARN_UNDECLARED_SELECTOR = YES;
				GCC_WARN_UNINITIALIZED_AUTOS = YES_AGGRESSIVE;
				GCC_WARN_UNUSED_FUNCTION = YES;
				GCC_WARN_UNUSED_VARIABLE = YES;
				MTL_ENABLE_DEBUG_INFO = NO;
				MTL_FAST_MATH = YES;
				SWIFT_COMPILATION_MODE = wholemodule;
				SWIFT_OPTIMIZATION_LEVEL = "-O";
			};
			name = Release;
		};
		4B328558290D48A700F28296 /* Debug */ = {
			isa = XCBuildConfiguration;
			buildSettings = {
				ASSETCATALOG_COMPILER_APPICON_NAME = AppIcon;
				ASSETCATALOG_COMPILER_GLOBAL_ACCENT_COLOR_NAME = AccentColor;
				CODE_SIGN_ENTITLEMENTS = cumi/cumi.entitlements;
				CODE_SIGN_STYLE = Automatic;
				CURRENT_PROJECT_VERSION = 1;
				DEVELOPMENT_ASSET_PATHS = "\"cumi/Preview Content\"";
				ENABLE_PREVIEWS = YES;
				GENERATE_INFOPLIST_FILE = YES;
				"INFOPLIST_KEY_UIApplicationSceneManifest_Generation[sdk=iphoneos*]" = YES;
				"INFOPLIST_KEY_UIApplicationSceneManifest_Generation[sdk=iphonesimulator*]" = YES;
				"INFOPLIST_KEY_UIApplicationSupportsIndirectInputEvents[sdk=iphoneos*]" = YES;
				"INFOPLIST_KEY_UIApplicationSupportsIndirectInputEvents[sdk=iphonesimulator*]" = YES;
				"INFOPLIST_KEY_UILaunchScreen_Generation[sdk=iphoneos*]" = YES;
				"INFOPLIST_KEY_UILaunchScreen_Generation[sdk=iphonesimulator*]" = YES;
				"INFOPLIST_KEY_UIStatusBarStyle[sdk=iphoneos*]" = UIStatusBarStyleDefault;
				"INFOPLIST_KEY_UIStatusBarStyle[sdk=iphonesimulator*]" = UIStatusBarStyleDefault;
				INFOPLIST_KEY_UISupportedInterfaceOrientations_iPad = "UIInterfaceOrientationPortrait UIInterfaceOrientationPortraitUpsideDown UIInterfaceOrientationLandscapeLeft UIInterfaceOrientationLandscapeRight";
				INFOPLIST_KEY_UISupportedInterfaceOrientations_iPhone = "UIInterfaceOrientationPortrait UIInterfaceOrientationLandscapeLeft UIInterfaceOrientationLandscapeRight";
				IPHONEOS_DEPLOYMENT_TARGET = 16.0;
				LD_RUNPATH_SEARCH_PATHS = "@executable_path/Frameworks";
				"LD_RUNPATH_SEARCH_PATHS[sdk=macosx*]" = "@executable_path/../Frameworks";
				MACOSX_DEPLOYMENT_TARGET = 12.3;
				MARKETING_VERSION = 1.0;
				PRODUCT_BUNDLE_IDENTIFIER = zephyrus21.cumi;
				PRODUCT_NAME = "$(TARGET_NAME)";
				SDKROOT = auto;
				SUPPORTED_PLATFORMS = "iphoneos iphonesimulator macosx";
				SWIFT_EMIT_LOC_STRINGS = YES;
				SWIFT_VERSION = 5.0;
				TARGETED_DEVICE_FAMILY = "1,2";
			};
			name = Debug;
		};
		4B328559290D48A700F28296 /* Release */ = {
			isa = XCBuildConfiguration;
			buildSettings = {
				ASSETCATALOG_COMPILER_APPICON_NAME = AppIcon;
				ASSETCATALOG_COMPILER_GLOBAL_ACCENT_COLOR_NAME = AccentColor;
				CODE_SIGN_ENTITLEMENTS = cumi/cumi.entitlements;
				CODE_SIGN_STYLE = Automatic;
				CURRENT_PROJECT_VERSION = 1;
				DEVELOPMENT_ASSET_PATHS = "\"cumi/Preview Content\"";
				ENABLE_PREVIEWS = YES;
				GENERATE_INFOPLIST_FILE = YES;
				"INFOPLIST_KEY_UIApplicationSceneManifest_Generation[sdk=iphoneos*]" = YES;
				"INFOPLIST_KEY_UIApplicationSceneManifest_Generation[sdk=iphonesimulator*]" = YES;
				"INFOPLIST_KEY_UIApplicationSupportsIndirectInputEvents[sdk=iphoneos*]" = YES;
				"INFOPLIST_KEY_UIApplicationSupportsIndirectInputEvents[sdk=iphonesimulator*]" = YES;
				"INFOPLIST_KEY_UILaunchScreen_Generation[sdk=iphoneos*]" = YES;
				"INFOPLIST_KEY_UILaunchScreen_Generation[sdk=iphonesimulator*]" = YES;
				"INFOPLIST_KEY_UIStatusBarStyle[sdk=iphoneos*]" = UIStatusBarStyleDefault;
				"INFOPLIST_KEY_UIStatusBarStyle[sdk=iphonesimulator*]" = UIStatusBarStyleDefault;
				INFOPLIST_KEY_UISupportedInterfaceOrientations_iPad = "UIInterfaceOrientationPortrait UIInterfaceOrientationPortraitUpsideDown UIInterfaceOrientationLandscapeLeft UIInterfaceOrientationLandscapeRight";
				INFOPLIST_KEY_UISupportedInterfaceOrientations_iPhone = "UIInterfaceOrientationPortrait UIInterfaceOrientationLandscapeLeft UIInterfaceOrientationLandscapeRight";
				IPHONEOS_DEPLOYMENT_TARGET = 16.0;
				LD_RUNPATH_SEARCH_PATHS = "@executable_path/Frameworks";
				"LD_RUNPATH_SEARCH_PATHS[sdk=macosx*]" = "@executable_path/../Frameworks";
				MACOSX_DEPLOYMENT_TARGET = 12.3;
				MARKETING_VERSION = 1.0;
				PRODUCT_BUNDLE_IDENTIFIER = zephyrus21.cumi;
				PRODUCT_NAME = "$(TARGET_NAME)";
				SDKROOT = auto;
				SUPPORTED_PLATFORMS = "iphoneos iphonesimulator macosx";
				SWIFT_EMIT_LOC_STRINGS = YES;
				SWIFT_VERSION = 5.0;
				TARGETED_DEVICE_FAMILY = "1,2";
			};
			name = Release;
		};
		4B32855B290D48A700F28296 /* Debug */ = {
			isa = XCBuildConfiguration;
			buildSettings = {
				ALWAYS_EMBED_SWIFT_STANDARD_LIBRARIES = YES;
				BUNDLE_LOADER = "$(TEST_HOST)";
				CODE_SIGN_STYLE = Automatic;
				CURRENT_PROJECT_VERSION = 1;
				GENERATE_INFOPLIST_FILE = YES;
				IPHONEOS_DEPLOYMENT_TARGET = 16.0;
				MACOSX_DEPLOYMENT_TARGET = 12.3;
				MARKETING_VERSION = 1.0;
				PRODUCT_BUNDLE_IDENTIFIER = zephyrus21.cumiTests;
				PRODUCT_NAME = "$(TARGET_NAME)";
				SDKROOT = auto;
				SUPPORTED_PLATFORMS = "iphoneos iphonesimulator macosx";
				SWIFT_EMIT_LOC_STRINGS = NO;
				SWIFT_VERSION = 5.0;
				TARGETED_DEVICE_FAMILY = "1,2";
				TEST_HOST = "$(BUILT_PRODUCTS_DIR)/cumi.app/$(BUNDLE_EXECUTABLE_FOLDER_PATH)/cumi";
			};
			name = Debug;
		};
		4B32855C290D48A700F28296 /* Release */ = {
			isa = XCBuildConfiguration;
			buildSettings = {
				ALWAYS_EMBED_SWIFT_STANDARD_LIBRARIES = YES;
				BUNDLE_LOADER = "$(TEST_HOST)";
				CODE_SIGN_STYLE = Automatic;
				CURRENT_PROJECT_VERSION = 1;
				GENERATE_INFOPLIST_FILE = YES;
				IPHONEOS_DEPLOYMENT_TARGET = 16.0;
				MACOSX_DEPLOYMENT_TARGET = 12.3;
				MARKETING_VERSION = 1.0;
				PRODUCT_BUNDLE_IDENTIFIER = zephyrus21.cumiTests;
				PRODUCT_NAME = "$(TARGET_NAME)";
				SDKROOT = auto;
				SUPPORTED_PLATFORMS = "iphoneos iphonesimulator macosx";
				SWIFT_EMIT_LOC_STRINGS = NO;
				SWIFT_VERSION = 5.0;
				TARGETED_DEVICE_FAMILY = "1,2";
				TEST_HOST = "$(BUILT_PRODUCTS_DIR)/cumi.app/$(BUNDLE_EXECUTABLE_FOLDER_PATH)/cumi";
			};
			name = Release;
		};
		4B32855E290D48A700F28296 /* Debug */ = {
			isa = XCBuildConfiguration;
			buildSettings = {
				ALWAYS_EMBED_SWIFT_STANDARD_LIBRARIES = YES;
				CODE_SIGN_STYLE = Automatic;
				CURRENT_PROJECT_VERSION = 1;
				GENERATE_INFOPLIST_FILE = YES;
				IPHONEOS_DEPLOYMENT_TARGET = 16.0;
				MACOSX_DEPLOYMENT_TARGET = 12.3;
				MARKETING_VERSION = 1.0;
				PRODUCT_BUNDLE_IDENTIFIER = zephyrus21.cumiUITests;
				PRODUCT_NAME = "$(TARGET_NAME)";
				SDKROOT = auto;
				SUPPORTED_PLATFORMS = "iphoneos iphonesimulator macosx";
				SWIFT_EMIT_LOC_STRINGS = NO;
				SWIFT_VERSION = 5.0;
				TARGETED_DEVICE_FAMILY = "1,2";
				TEST_TARGET_NAME = cumi;
			};
			name = Debug;
		};
		4B32855F290D48A700F28296 /* Release */ = {
			isa = XCBuildConfiguration;
			buildSettings = {
				ALWAYS_EMBED_SWIFT_STANDARD_LIBRARIES = YES;
				CODE_SIGN_STYLE = Automatic;
				CURRENT_PROJECT_VERSION = 1;
				GENERATE_INFOPLIST_FILE = YES;
				IPHONEOS_DEPLOYMENT_TARGET = 16.0;
				MACOSX_DEPLOYMENT_TARGET = 12.3;
				MARKETING_VERSION = 1.0;
				PRODUCT_BUNDLE_IDENTIFIER = zephyrus21.cumiUITests;
				PRODUCT_NAME = "$(TARGET_NAME)";
				SDKROOT = auto;
				SUPPORTED_PLATFORMS = "iphoneos iphonesimulator macosx";
				SWIFT_EMIT_LOC_STRINGS = NO;
				SWIFT_VERSION = 5.0;
				TARGETED_DEVICE_FAMILY = "1,2";
				TEST_TARGET_NAME = cumi;
			};
			name = Release;
		};
/* End XCBuildConfiguration section */

/* Begin XCConfigurationList section */
		4B32852D290D48A500F28296 /* Build configuration list for PBXProject "cumi" */ = {
			isa = XCConfigurationList;
			buildConfigurations = (
				4B328555290D48A700F28296 /* Debug */,
				4B328556290D48A700F28296 /* Release */,
			);
			defaultConfigurationIsVisible = 0;
			defaultConfigurationName = Release;
		};
		4B328557290D48A700F28296 /* Build configuration list for PBXNativeTarget "cumi" */ = {
			isa = XCConfigurationList;
			buildConfigurations = (
				4B328558290D48A700F28296 /* Debug */,
				4B328559290D48A700F28296 /* Release */,
			);
			defaultConfigurationIsVisible = 0;
			defaultConfigurationName = Release;
		};
		4B32855A290D48A700F28296 /* Build configuration list for PBXNativeTarget "cumiTests" */ = {
			isa = XCConfigurationList;
			buildConfigurations = (
				4B32855B290D48A700F28296 /* Debug */,
				4B32855C290D48A700F28296 /* Release */,
			);
			defaultConfigurationIsVisible = 0;
			defaultConfigurationName = Release;
		};
		4B32855D290D48A700F28296 /* Build configuration list for PBXNativeTarget "cumiUITests" */ = {
			isa = XCConfigurationList;
			buildConfigurations = (
				4B32855E290D48A700F28296 /* Debug */,
				4B32855F290D48A700F28296 /* Release */,
			);
			defaultConfigurationIsVisible = 0;
			defaultConfigurationName = Release;
		};
/* End XCConfigurationList section */
	};
	rootObject = 4B32852A290D48A500F28296 /* Project object */;
}
